
Microsoft Visual Studio Solution File, Format Version 12.00
# Visual Studio Version 16
VisualStudioVersion = 16.0.30804.86
MinimumVisualStudioVersion = 10.0.40219.1
Project("{FAE04EC0-301F-11D3-BF4B-00C04F79EFBC}") = "App1.Android", "App1\App1.Android\App1.Android.csproj", "{B2ED1246-5D04-4AF4-A9FC-FAEA21078ECD}"
EndProject
Project("{FAE04EC0-301F-11D3-BF4B-00C04F79EFBC}") = "App1", "App1\App1\App1.csproj", "{99056CA1-85BC-46B7-999B-DD088FBD5582}"
EndProject
Global
	GlobalSection(SolutionConfigurationPlatforms) = preSolution
		Debug|Any CPU = Debug|Any CPU
		Release|Any CPU = Release|Any CPU
	EndGlobalSection
	GlobalSection(ProjectConfigurationPlatforms) = postSolution
		{B2ED1246-5D04-4AF4-A9FC-FAEA21078ECD}.Debug|Any CPU.ActiveCfg = Debug|Any CPU
		{B2ED1246-5D04-4AF4-A9FC-FAEA21078ECD}.Debug|Any CPU.Build.0 = Debug|Any CPU
		{B2ED1246-5D04-4AF4-A9FC-FAEA21078ECD}.Debug|Any CPU.Deploy.0 = Debug|Any CPU
		{B2ED1246-5D04-4AF4-A9FC-FAEA21078ECD}.Release|Any CPU.ActiveCfg = Release|Any CPU
		{B2ED1246-5D04-4AF4-A9FC-FAEA21078ECD}.Release|Any CPU.Build.0 = Release|Any CPU
		{B2ED1246-5D04-4AF4-A9FC-FAEA21078ECD}.Release|Any CPU.Deploy.0 = Release|Any CPU
		{99056CA1-85BC-46B7-999B-DD088FBD5582}.Debug|Any CPU.ActiveCfg = Debug|Any CPU
		{99056CA1-85BC-46B7-999B-DD088FBD5582}.Debug|Any CPU.Build.0 = Debug|Any CPU
		{99056CA1-85BC-46B7-999B-DD088FBD5582}.Debug|Any CPU.Deploy.0 = Debug|Any CPU
		{99056CA1-85BC-46B7-999B-DD088FBD5582}.Release|Any CPU.ActiveCfg = Release|Any CPU
		{99056CA1-85BC-46B7-999B-DD088FBD5582}.Release|Any CPU.Build.0 = Release|Any CPU
		{99056CA1-85BC-46B7-999B-DD088FBD5582}.Release|Any CPU.Deploy.0 = Release|Any CPU
	EndGlobalSection
	GlobalSection(SolutionProperties) = preSolution
		HideSolutionNode = FALSE
	EndGlobalSection
	GlobalSection(ExtensibilityGlobals) = postSolution
		SolutionGuid = {9506E091-69FA-4DB2-8C65-937B08E378C1}
	EndGlobalSection
EndGlobal
